
Microsoft Visual Studio Solution File, Format Version 12.00
# Visual Studio Version 16
VisualStudioVersion = 16.0.30804.86
MinimumVisualStudioVersion = 10.0.40219.1
Project("{9A19103F-16F7-4668-BE54-9A1E7A4F7556}") = "TravelCompanyClientApp", "TravelCompanyClientApp.csproj", "{2E781E43-86CB-4884-ABD7-D3B9542530CE}"
EndProject
Project("{9A19103F-16F7-4668-BE54-9A1E7A4F7556}") = "TravelCompanyContracts", "..\TravelCompanyContracts\TravelCompanyContracts.csproj", "{FDEF00B1-B6FB-4702-870E-AB27098D03D4}"
EndProject
Global
	GlobalSection(SolutionConfigurationPlatforms) = preSolution
		Debug|Any CPU = Debug|Any CPU
		Release|Any CPU = Release|Any CPU
	EndGlobalSection
	GlobalSection(ProjectConfigurationPlatforms) = postSolution
		{2E781E43-86CB-4884-ABD7-D3B9542530CE}.Debug|Any CPU.ActiveCfg = Debug|Any CPU
		{2E781E43-86CB-4884-ABD7-D3B9542530CE}.Debug|Any CPU.Build.0 = Debug|Any CPU
		{2E781E43-86CB-4884-ABD7-D3B9542530CE}.Release|Any CPU.ActiveCfg = Release|Any CPU
		{2E781E43-86CB-4884-ABD7-D3B9542530CE}.Release|Any CPU.Build.0 = Release|Any CPU
		{FDEF00B1-B6FB-4702-870E-AB27098D03D4}.Debug|Any CPU.ActiveCfg = Debug|Any CPU
		{FDEF00B1-B6FB-4702-870E-AB27098D03D4}.Debug|Any CPU.Build.0 = Debug|Any CPU
		{FDEF00B1-B6FB-4702-870E-AB27098D03D4}.Release|Any CPU.ActiveCfg = Release|Any CPU
		{FDEF00B1-B6FB-4702-870E-AB27098D03D4}.Release|Any CPU.Build.0 = Release|Any CPU
	EndGlobalSection
	GlobalSection(SolutionProperties) = preSolution
		HideSolutionNode = FALSE
	EndGlobalSection
	GlobalSection(ExtensibilityGlobals) = postSolution
		SolutionGuid = {DEBCDEDB-2261-4B52-A1BE-FE16F6EA3E59}
	EndGlobalSection
EndGlobal
