
Microsoft Visual Studio Solution File, Format Version 12.00
# Visual Studio Version 16
VisualStudioVersion = 16.0.30804.86
MinimumVisualStudioVersion = 10.0.40219.1
Project("{FAE04EC0-301F-11D3-BF4B-00C04F79EFBC}") = "TravelCompanyFileImplement", "TravelCompanyFileImplement.csproj", "{14CC6593-86DA-499D-A39D-D7FA6A1EDD68}"
EndProject
Project("{9A19103F-16F7-4668-BE54-9A1E7A4F7556}") = "TravelCompanyContracts", "..\TravelCompanyContracts\TravelCompanyContracts.csproj", "{FCE0686A-CCED-45A8-AB2E-AEF51D6C1242}"
EndProject
Global
	GlobalSection(SolutionConfigurationPlatforms) = preSolution
		Debug|Any CPU = Debug|Any CPU
		Release|Any CPU = Release|Any CPU
	EndGlobalSection
	GlobalSection(ProjectConfigurationPlatforms) = postSolution
		{14CC6593-86DA-499D-A39D-D7FA6A1EDD68}.Debug|Any CPU.ActiveCfg = Debug|Any CPU
		{14CC6593-86DA-499D-A39D-D7FA6A1EDD68}.Debug|Any CPU.Build.0 = Debug|Any CPU
		{14CC6593-86DA-499D-A39D-D7FA6A1EDD68}.Release|Any CPU.ActiveCfg = Release|Any CPU
		{14CC6593-86DA-499D-A39D-D7FA6A1EDD68}.Release|Any CPU.Build.0 = Release|Any CPU
		{FCE0686A-CCED-45A8-AB2E-AEF51D6C1242}.Debug|Any CPU.ActiveCfg = Debug|Any CPU
		{FCE0686A-CCED-45A8-AB2E-AEF51D6C1242}.Debug|Any CPU.Build.0 = Debug|Any CPU
		{FCE0686A-CCED-45A8-AB2E-AEF51D6C1242}.Release|Any CPU.ActiveCfg = Release|Any CPU
		{FCE0686A-CCED-45A8-AB2E-AEF51D6C1242}.Release|Any CPU.Build.0 = Release|Any CPU
	EndGlobalSection
	GlobalSection(SolutionProperties) = preSolution
		HideSolutionNode = FALSE
	EndGlobalSection
	GlobalSection(ExtensibilityGlobals) = postSolution
		SolutionGuid = {281BC3D0-3F2B-4E8C-8C16-2FBBCB10B94C}
	EndGlobalSection
EndGlobal
